// !$*UTF8*$!
{
	archiveVersion = 1;
	classes = {
	};
	objectVersion = 55;
	objects = {

/* Begin PBXBuildFile section */
		010896A828EFF5D300DD5671 /* DogModel.swift in Sources */ = {isa = PBXBuildFile; fileRef = 010896A728EFF5D300DD5671 /* DogModel.swift */; };
		0171862828F6E6C900EB8203 /* BreedsList.swift in Sources */ = {isa = PBXBuildFile; fileRef = 0171862728F6E6C900EB8203 /* BreedsList.swift */; };
		01FC1E1628F3FC0800C08E14 /* ByBreedViewController.swift in Sources */ = {isa = PBXBuildFile; fileRef = 01FC1E1528F3FC0800C08E14 /* ByBreedViewController.swift */; };
		01FC6D6E28ED397A00449F03 /* AppDelegate.swift in Sources */ = {isa = PBXBuildFile; fileRef = 01FC6D6D28ED397A00449F03 /* AppDelegate.swift */; };
		01FC6D7028ED397A00449F03 /* SceneDelegate.swift in Sources */ = {isa = PBXBuildFile; fileRef = 01FC6D6F28ED397A00449F03 /* SceneDelegate.swift */; };
		01FC6D7228ED397A00449F03 /* RandomImageViewController.swift in Sources */ = {isa = PBXBuildFile; fileRef = 01FC6D7128ED397A00449F03 /* RandomImageViewController.swift */; };
		01FC6D7528ED397A00449F03 /* Main.storyboard in Resources */ = {isa = PBXBuildFile; fileRef = 01FC6D7328ED397A00449F03 /* Main.storyboard */; };
		01FC6D7728ED397B00449F03 /* Assets.xcassets in Resources */ = {isa = PBXBuildFile; fileRef = 01FC6D7628ED397B00449F03 /* Assets.xcassets */; };
		01FC6D7A28ED397B00449F03 /* LaunchScreen.storyboard in Resources */ = {isa = PBXBuildFile; fileRef = 01FC6D7828ED397B00449F03 /* LaunchScreen.storyboard */; };
		01FC6D8528ED3B6900449F03 /* DogAPI.swift in Sources */ = {isa = PBXBuildFile; fileRef = 01FC6D8428ED3B6900449F03 /* DogAPI.swift */; };
/* End PBXBuildFile section */

/* Begin PBXFileReference section */
		010896A728EFF5D300DD5671 /* DogModel.swift */ = {isa = PBXFileReference; lastKnownFileType = sourcecode.swift; path = DogModel.swift; sourceTree = "<group>"; };
		0171862728F6E6C900EB8203 /* BreedsList.swift */ = {isa = PBXFileReference; lastKnownFileType = sourcecode.swift; path = BreedsList.swift; sourceTree = "<group>"; };
		01FC1E1528F3FC0800C08E14 /* ByBreedViewController.swift */ = {isa = PBXFileReference; lastKnownFileType = sourcecode.swift; path = ByBreedViewController.swift; sourceTree = "<group>"; };
		01FC6D6A28ED397A00449F03 /* DogAPI.app */ = {isa = PBXFileReference; explicitFileType = wrapper.application; includeInIndex = 0; path = DogAPI.app; sourceTree = BUILT_PRODUCTS_DIR; };
		01FC6D6D28ED397A00449F03 /* AppDelegate.swift */ = {isa = PBXFileReference; lastKnownFileType = sourcecode.swift; path = AppDelegate.swift; sourceTree = "<group>"; };
		01FC6D6F28ED397A00449F03 /* SceneDelegate.swift */ = {isa = PBXFileReference; lastKnownFileType = sourcecode.swift; path = SceneDelegate.swift; sourceTree = "<group>"; };
		01FC6D7128ED397A00449F03 /* RandomImageViewController.swift */ = {isa = PBXFileReference; lastKnownFileType = sourcecode.swift; path = RandomImageViewController.swift; sourceTree = "<group>"; };
		01FC6D7428ED397A00449F03 /* Base */ = {isa = PBXFileReference; lastKnownFileType = file.storyboard; name = Base; path = Base.lproj/Main.storyboard; sourceTree = "<group>"; };
		01FC6D7628ED397B00449F03 /* Assets.xcassets */ = {isa = PBXFileReference; lastKnownFileType = folder.assetcatalog; path = Assets.xcassets; sourceTree = "<group>"; };
		01FC6D7928ED397B00449F03 /* Base */ = {isa = PBXFileReference; lastKnownFileType = file.storyboard; name = Base; path = Base.lproj/LaunchScreen.storyboard; sourceTree = "<group>"; };
		01FC6D7B28ED397B00449F03 /* Info.plist */ = {isa = PBXFileReference; lastKnownFileType = text.plist.xml; path = Info.plist; sourceTree = "<group>"; };
		01FC6D8428ED3B6900449F03 /* DogAPI.swift */ = {isa = PBXFileReference; lastKnownFileType = sourcecode.swift; path = DogAPI.swift; sourceTree = "<group>"; };
/* End PBXFileReference section */

/* Begin PBXFrameworksBuildPhase section */
		01FC6D6728ED397A00449F03 /* Frameworks */ = {
			isa = PBXFrameworksBuildPhase;
			buildActionMask = 2147483647;
			files = (
			);
			runOnlyForDeploymentPostprocessing = 0;
		};
/* End PBXFrameworksBuildPhase section */

/* Begin PBXGroup section */
		01FC6D6128ED397A00449F03 = {
			isa = PBXGroup;
			children = (
				01FC6D6C28ED397A00449F03 /* DogAPI */,
				01FC6D6B28ED397A00449F03 /* Products */,
			);
			sourceTree = "<group>";
		};
		01FC6D6B28ED397A00449F03 /* Products */ = {
			isa = PBXGroup;
			children = (
				01FC6D6A28ED397A00449F03 /* DogAPI.app */,
			);
			name = Products;
			sourceTree = "<group>";
		};
		01FC6D6C28ED397A00449F03 /* DogAPI */ = {
			isa = PBXGroup;
			children = (
				01FC6D8328ED39C700449F03 /* Model */,
				01FC6D8228ED39AF00449F03 /* Controller */,
				01FC6D8128ED399C00449F03 /* View */,
				01FC6D7B28ED397B00449F03 /* Info.plist */,
			);
			path = DogAPI;
			sourceTree = "<group>";
		};
		01FC6D8128ED399C00449F03 /* View */ = {
			isa = PBXGroup;
			children = (
				01FC6D7328ED397A00449F03 /* Main.storyboard */,
				01FC6D7628ED397B00449F03 /* Assets.xcassets */,
				01FC6D7828ED397B00449F03 /* LaunchScreen.storyboard */,
			);
			path = View;
			sourceTree = "<group>";
		};
		01FC6D8228ED39AF00449F03 /* Controller */ = {
			isa = PBXGroup;
			children = (
				01FC6D6D28ED397A00449F03 /* AppDelegate.swift */,
				01FC6D6F28ED397A00449F03 /* SceneDelegate.swift */,
				01FC6D7128ED397A00449F03 /* RandomImageViewController.swift */,
				01FC1E1528F3FC0800C08E14 /* ByBreedViewController.swift */,
			);
			path = Controller;
			sourceTree = "<group>";
		};
		01FC6D8328ED39C700449F03 /* Model */ = {
			isa = PBXGroup;
			children = (
				010896A728EFF5D300DD5671 /* DogModel.swift */,
				0171862728F6E6C900EB8203 /* BreedsList.swift */,
				01FC6D8428ED3B6900449F03 /* DogAPI.swift */,
			);
			path = Model;
			sourceTree = "<group>";
		};
/* End PBXGroup section */

/* Begin PBXNativeTarget section */
		01FC6D6928ED397A00449F03 /* DogAPI */ = {
			isa = PBXNativeTarget;
			buildConfigurationList = 01FC6D7E28ED397B00449F03 /* Build configuration list for PBXNativeTarget "DogAPI" */;
			buildPhases = (
				01FC6D6628ED397A00449F03 /* Sources */,
				01FC6D6728ED397A00449F03 /* Frameworks */,
				01FC6D6828ED397A00449F03 /* Resources */,
			);
			buildRules = (
			);
			dependencies = (
			);
			name = DogAPI;
			productName = DogAPI;
			productReference = 01FC6D6A28ED397A00449F03 /* DogAPI.app */;
			productType = "com.apple.product-type.application";
		};
/* End PBXNativeTarget section */

/* Begin PBXProject section */
		01FC6D6228ED397A00449F03 /* Project object */ = {
			isa = PBXProject;
			attributes = {
				BuildIndependentTargetsInParallel = 1;
				LastSwiftUpdateCheck = 1300;
				LastUpgradeCheck = 1300;
				TargetAttributes = {
					01FC6D6928ED397A00449F03 = {
						CreatedOnToolsVersion = 13.0;
					};
				};
			};
			buildConfigurationList = 01FC6D6528ED397A00449F03 /* Build configuration list for PBXProject "DogAPI" */;
			compatibilityVersion = "Xcode 13.0";
			developmentRegion = en;
			hasScannedForEncodings = 0;
			knownRegions = (
				en,
				Base,
			);
			mainGroup = 01FC6D6128ED397A00449F03;
			productRefGroup = 01FC6D6B28ED397A00449F03 /* Products */;
			projectDirPath = "";
			projectRoot = "";
			targets = (
				01FC6D6928ED397A00449F03 /* DogAPI */,
			);
		};
/* End PBXProject section */

/* Begin PBXResourcesBuildPhase section */
		01FC6D6828ED397A00449F03 /* Resources */ = {
			isa = PBXResourcesBuildPhase;
			buildActionMask = 2147483647;
			files = (
				01FC6D7A28ED397B00449F03 /* LaunchScreen.storyboard in Resources */,
				01FC6D7728ED397B00449F03 /* Assets.xcassets in Resources */,
				01FC6D7528ED397A00449F03 /* Main.storyboard in Resources */,
			);
			runOnlyForDeploymentPostprocessing = 0;
		};
/* End PBXResourcesBuildPhase section */

/* Begin PBXSourcesBuildPhase section */
		01FC6D6628ED397A00449F03 /* Sources */ = {
			isa = PBXSourcesBuildPhase;
			buildActionMask = 2147483647;
			files = (
				01FC6D7228ED397A00449F03 /* RandomImageViewController.swift in Sources */,
				010896A828EFF5D300DD5671 /* DogModel.swift in Sources */,
				01FC6D6E28ED397A00449F03 /* AppDelegate.swift in Sources */,
				01FC6D7028ED397A00449F03 /* SceneDelegate.swift in Sources */,
				0171862828F6E6C900EB8203 /* BreedsList.swift in Sources */,
				01FC1E1628F3FC0800C08E14 /* ByBreedViewController.swift in Sources */,
				01FC6D8528ED3B6900449F03 /* DogAPI.swift in Sources */,
			);
			runOnlyForDeploymentPostprocessing = 0;
		};
/* End PBXSourcesBuildPhase section */

/* Begin PBXVariantGroup section */
		01FC6D7328ED397A00449F03 /* Main.storyboard */ = {
			isa = PBXVariantGroup;
			children = (
				01FC6D7428ED397A00449F03 /* Base */,
			);
			name = Main.storyboard;
			sourceTree = "<group>";
		};
		01FC6D7828ED397B00449F03 /* LaunchScreen.storyboard */ = {
			isa = PBXVariantGroup;
			children = (
				01FC6D7928ED397B00449F03 /* Base */,
			);
			name = LaunchScreen.storyboard;
			sourceTree = "<group>";
		};
/* End PBXVariantGroup section */

/* Begin XCBuildConfiguration section */
		01FC6D7C28ED397B00449F03 /* Debug */ = {
			isa = XCBuildConfiguration;
			buildSettings = {
				ALWAYS_SEARCH_USER_PATHS = NO;
				CLANG_ANALYZER_NONNULL = YES;
				CLANG_ANALYZER_NUMBER_OBJECT_CONVERSION = YES_AGGRESSIVE;
				CLANG_CXX_LANGUAGE_STANDARD = "gnu++17";
				CLANG_CXX_LIBRARY = "libc++";
				CLANG_ENABLE_MODULES = YES;
				CLANG_ENABLE_OBJC_ARC = YES;
				CLANG_ENABLE_OBJC_WEAK = YES;
				CLANG_WARN_BLOCK_CAPTURE_AUTORELEASING = YES;
				CLANG_WARN_BOOL_CONVERSION = YES;
				CLANG_WARN_COMMA = YES;
				CLANG_WARN_CONSTANT_CONVERSION = YES;
				CLANG_WARN_DEPRECATED_OBJC_IMPLEMENTATIONS = YES;
				CLANG_WARN_DIRECT_OBJC_ISA_USAGE = YES_ERROR;
				CLANG_WARN_DOCUMENTATION_COMMENTS = YES;
				CLANG_WARN_EMPTY_BODY = YES;
				CLANG_WARN_ENUM_CONVERSION = YES;
				CLANG_WARN_INFINITE_RECURSION = YES;
				CLANG_WARN_INT_CONVERSION = YES;
				CLANG_WARN_NON_LITERAL_NULL_CONVERSION = YES;
				CLANG_WARN_OBJC_IMPLICIT_RETAIN_SELF = YES;
				CLANG_WARN_OBJC_LITERAL_CONVERSION = YES;
				CLANG_WARN_OBJC_ROOT_CLASS = YES_ERROR;
				CLANG_WARN_QUOTED_INCLUDE_IN_FRAMEWORK_HEADER = YES;
				CLANG_WARN_RANGE_LOOP_ANALYSIS = YES;
				CLANG_WARN_STRICT_PROTOTYPES = YES;
				CLANG_WARN_SUSPICIOUS_MOVE = YES;
				CLANG_WARN_UNGUARDED_AVAILABILITY = YES_AGGRESSIVE;
				CLANG_WARN_UNREACHABLE_CODE = YES;
				CLANG_WARN__DUPLICATE_METHOD_MATCH = YES;
				COPY_PHASE_STRIP = NO;
				DEBUG_INFORMATION_FORMAT = dwarf;
				ENABLE_STRICT_OBJC_MSGSEND = YES;
				ENABLE_TESTABILITY = YES;
				GCC_C_LANGUAGE_STANDARD = gnu11;
				GCC_DYNAMIC_NO_PIC = NO;
				GCC_NO_COMMON_BLOCKS = YES;
				GCC_OPTIMIZATION_LEVEL = 0;
				GCC_PREPROCESSOR_DEFINITIONS = (
					"DEBUG=1",
					"$(inherited)",
				);
				GCC_WARN_64_TO_32_BIT_CONVERSION = YES;
				GCC_WARN_ABOUT_RETURN_TYPE = YES_ERROR;
				GCC_WARN_UNDECLARED_SELECTOR = YES;
				GCC_WARN_UNINITIALIZED_AUTOS = YES_AGGRESSIVE;
				GCC_WARN_UNUSED_FUNCTION = YES;
				GCC_WARN_UNUSED_VARIABLE = YES;
				IPHONEOS_DEPLOYMENT_TARGET = 15.0;
				MTL_ENABLE_DEBUG_INFO = INCLUDE_SOURCE;
				MTL_FAST_MATH = YES;
				ONLY_ACTIVE_ARCH = YES;
				SDKROOT = iphoneos;
				SWIFT_ACTIVE_COMPILATION_CONDITIONS = DEBUG;
				SWIFT_OPTIMIZATION_LEVEL = "-Onone";
			};
			name = Debug;
		};
		01FC6D7D28ED397B00449F03 /* Release */ = {
			isa = XCBuildConfiguration;
			buildSettings = {
				ALWAYS_SEARCH_USER_PATHS = NO;
				CLANG_ANALYZER_NONNULL = YES;
				CLANG_ANALYZER_NUMBER_OBJECT_CONVERSION = YES_AGGRESSIVE;
				CLANG_CXX_LANGUAGE_STANDARD = "gnu++17";
				CLANG_CXX_LIBRARY = "libc++";
				CLANG_ENABLE_MODULES = YES;
				CLANG_ENABLE_OBJC_ARC = YES;
				CLANG_ENABLE_OBJC_WEAK = YES;
				CLANG_WARN_BLOCK_CAPTURE_AUTORELEASING = YES;
				CLANG_WARN_BOOL_CONVERSION = YES;
				CLANG_WARN_COMMA = YES;
				CLANG_WARN_CONSTANT_CONVERSION = YES;
				CLANG_WARN_DEPRECATED_OBJC_IMPLEMENTATIONS = YES;
				CLANG_WARN_DIRECT_OBJC_ISA_USAGE = YES_ERROR;
				CLANG_WARN_DOCUMENTATION_COMMENTS = YES;
				CLANG_WARN_EMPTY_BODY = YES;
				CLANG_WARN_ENUM_CONVERSION = YES;
				CLANG_WARN_INFINITE_RECURSION = YES;
				CLANG_WARN_INT_CONVERSION = YES;
				CLANG_WARN_NON_LITERAL_NULL_CONVERSION = YES;
				CLANG_WARN_OBJC_IMPLICIT_RETAIN_SELF = YES;
				CLANG_WARN_OBJC_LITERAL_CONVERSION = YES;
				CLANG_WARN_OBJC_ROOT_CLASS = YES_ERROR;
				CLANG_WARN_QUOTED_INCLUDE_IN_FRAMEWORK_HEADER = YES;
				CLANG_WARN_RANGE_LOOP_ANALYSIS = YES;
				CLANG_WARN_STRICT_PROTOTYPES = YES;
				CLANG_WARN_SUSPICIOUS_MOVE = YES;
				CLANG_WARN_UNGUARDED_AVAILABILITY = YES_AGGRESSIVE;
				CLANG_WARN_UNREACHABLE_CODE = YES;
				CLANG_WARN__DUPLICATE_METHOD_MATCH = YES;
				COPY_PHASE_STRIP = NO;
				DEBUG_INFORMATION_FORMAT = "dwarf-with-dsym";
				ENABLE_NS_ASSERTIONS = NO;
				ENABLE_STRICT_OBJC_MSGSEND = YES;
				GCC_C_LANGUAGE_STANDARD = gnu11;
				GCC_NO_COMMON_BLOCKS = YES;
				GCC_WARN_64_TO_32_BIT_CONVERSION = YES;
				GCC_WARN_ABOUT_RETURN_TYPE = YES_ERROR;
				GCC_WARN_UNDECLARED_SELECTOR = YES;
				GCC_WARN_UNINITIALIZED_AUTOS = YES_AGGRESSIVE;
				GCC_WARN_UNUSED_FUNCTION = YES;
				GCC_WARN_UNUSED_VARIABLE = YES;
				IPHONEOS_DEPLOYMENT_TARGET = 15.0;
				MTL_ENABLE_DEBUG_INFO = NO;
				MTL_FAST_MATH = YES;
				SDKROOT = iphoneos;
				SWIFT_COMPILATION_MODE = wholemodule;
				SWIFT_OPTIMIZATION_LEVEL = "-O";
				VALIDATE_PRODUCT = YES;
			};
			name = Release;
		};
		01FC6D7F28ED397B00449F03 /* Debug */ = {
			isa = XCBuildConfiguration;
			buildSettings = {
				ASSETCATALOG_COMPILER_APPICON_NAME = AppIcon;
				ASSETCATALOG_COMPILER_GLOBAL_ACCENT_COLOR_NAME = AccentColor;
				CODE_SIGN_STYLE = Automatic;
				CURRENT_PROJECT_VERSION = 1;
				DEVELOPMENT_TEAM = R7KL845XH9;
				GENERATE_INFOPLIST_FILE = YES;
				INFOPLIST_FILE = DogAPI/Info.plist;
				INFOPLIST_KEY_UIApplicationSupportsIndirectInputEvents = YES;
				INFOPLIST_KEY_UILaunchStoryboardName = LaunchScreen;
				INFOPLIST_KEY_UIMainStoryboardFile = Main;
				INFOPLIST_KEY_UISupportedInterfaceOrientations_iPad = "UIInterfaceOrientationPortrait UIInterfaceOrientationPortraitUpsideDown UIInterfaceOrientationLandscapeLeft UIInterfaceOrientationLandscapeRight";
				INFOPLIST_KEY_UISupportedInterfaceOrientations_iPhone = "UIInterfaceOrientationPortrait UIInterfaceOrientationLandscapeLeft UIInterfaceOrientationLandscapeRight";
				LD_RUNPATH_SEARCH_PATHS = (
					"$(inherited)",
					"@executable_path/Frameworks",
				);
				MARKETING_VERSION = 1.0;
				PRODUCT_BUNDLE_IDENTIFIER = com.khater.DogAPI;
				PRODUCT_NAME = "$(TARGET_NAME)";
				SWIFT_EMIT_LOC_STRINGS = YES;
				SWIFT_VERSION = 5.0;
				TARGETED_DEVICE_FAMILY = "1,2";
			};
			name = Debug;
		};
		01FC6D8028ED397B00449F03 /* Release */ = {
			isa = XCBuildConfiguration;
			buildSettings = {
				ASSETCATALOG_COMPILER_APPICON_NAME = AppIcon;
				ASSETCATALOG_COMPILER_GLOBAL_ACCENT_COLOR_NAME = AccentColor;
				CODE_SIGN_STYLE = Automatic;
				CURRENT_PROJECT_VERSION = 1;
				DEVELOPMENT_TEAM = R7KL845XH9;
				GENERATE_INFOPLIST_FILE = YES;
				INFOPLIST_FILE = DogAPI/Info.plist;
				INFOPLIST_KEY_UIApplicationSupportsIndirectInputEvents = YES;
				INFOPLIST_KEY_UILaunchStoryboardName = LaunchScreen;
				INFOPLIST_KEY_UIMainStoryboardFile = Main;
				INFOPLIST_KEY_UISupportedInterfaceOrientations_iPad = "UIInterfaceOrientationPortrait UIInterfaceOrientationPortraitUpsideDown UIInterfaceOrientationLandscapeLeft UIInterfaceOrientationLandscapeRight";
				INFOPLIST_KEY_UISupportedInterfaceOrientations_iPhone = "UIInterfaceOrientationPortrait UIInterfaceOrientationLandscapeLeft UIInterfaceOrientationLandscapeRight";
				LD_RUNPATH_SEARCH_PATHS = (
					"$(inherited)",
					"@executable_path/Frameworks",
				);
				MARKETING_VERSION = 1.0;
				PRODUCT_BUNDLE_IDENTIFIER = com.khater.DogAPI;
				PRODUCT_NAME = "$(TARGET_NAME)";
				SWIFT_EMIT_LOC_STRINGS = YES;
				SWIFT_VERSION = 5.0;
				TARGETED_DEVICE_FAMILY = "1,2";
			};
			name = Release;
		};
/* End XCBuildConfiguration section */

/* Begin XCConfigurationList section */
		01FC6D6528ED397A00449F03 /* Build configuration list for PBXProject "DogAPI" */ = {
			isa = XCConfigurationList;
			buildConfigurations = (
				01FC6D7C28ED397B00449F03 /* Debug */,
				01FC6D7D28ED397B00449F03 /* Release */,
			);
			defaultConfigurationIsVisible = 0;
			defaultConfigurationName = Release;
		};
		01FC6D7E28ED397B00449F03 /* Build configuration list for PBXNativeTarget "DogAPI" */ = {
			isa = XCConfigurationList;
			buildConfigurations = (
				01FC6D7F28ED397B00449F03 /* Debug */,
				01FC6D8028ED397B00449F03 /* Release */,
			);
			defaultConfigurationIsVisible = 0;
			defaultConfigurationName = Release;
		};
/* End XCConfigurationList section */
	};
	rootObject = 01FC6D6228ED397A00449F03 /* Project object */;
}
